version: 2.0
shards:
  db:
    git: https://github.com/crystal-lang/crystal-db.git
    version: 0.14.0

  grant:
    git: https://github.com/crimson-knight/grant.git
    version: 0.23.4+git.commit.56bf23d71a7a2e6c39607aa1ae1b3b6b38e4ca18

  pg:
    git: https://github.com/will/crystal-pg.git
    version: 0.30.0

  sqlite3:
    git: https://github.com/crystal-lang/crystal-sqlite3.git
    version: 0.23.0

